
Microsoft Visual Studio Solution File, Format Version 12.00
# Visual Studio 15
VisualStudioVersion = 15.0.27703.2026
MinimumVisualStudioVersion = 10.0.40219.1
Project("{FAE04EC0-301F-11D3-BF4B-00C04F79EFBC}") = "TestVoorRoien", "TestVoorRoien\TestVoorRoien.csproj", "{C632897D-D8A3-4574-B2D7-F99C95091104}"
EndProject
Global
	GlobalSection(SolutionConfigurationPlatforms) = preSolution
		Debug|Any CPU = Debug|Any CPU
		Release|Any CPU = Release|Any CPU
	EndGlobalSection
	GlobalSection(ProjectConfigurationPlatforms) = postSolution
		{C632897D-D8A3-4574-B2D7-F99C95091104}.Debug|Any CPU.ActiveCfg = Debug|Any CPU
		{C632897D-D8A3-4574-B2D7-F99C95091104}.Debug|Any CPU.Build.0 = Debug|Any CPU
		{C632897D-D8A3-4574-B2D7-F99C95091104}.Release|Any CPU.ActiveCfg = Release|Any CPU
		{C632897D-D8A3-4574-B2D7-F99C95091104}.Release|Any CPU.Build.0 = Release|Any CPU
	EndGlobalSection
	GlobalSection(SolutionProperties) = preSolution
		HideSolutionNode = FALSE
	EndGlobalSection
	GlobalSection(ExtensibilityGlobals) = postSolution
		SolutionGuid = {F6F9E984-97F8-4218-AFFC-43CC4D7EBA70}
	EndGlobalSection
EndGlobal
